
Microsoft Visual Studio Solution File, Format Version 12.00
# Visual Studio Version 16
VisualStudioVersion = 16.0.28922.388
MinimumVisualStudioVersion = 10.0.40219.1
Project("{9A19103F-16F7-4668-BE54-9A1E7A4F7556}") = "VtuberBot", "VtuberBot\VtuberBot.csproj", "{186DEA13-D146-4281-9865-C48B3A309280}"
EndProject
Project("{9A19103F-16F7-4668-BE54-9A1E7A4F7556}") = "VtuberBot.Spider", "VtuberBot.Spider\VtuberBot.Spider.csproj", "{5E621CA6-5586-443B-86C5-F90B71F334D3}"
EndProject
Project("{9A19103F-16F7-4668-BE54-9A1E7A4F7556}") = "VtuberBot.Core", "VtuberBot.Core\VtuberBot.Core.csproj", "{29D4EE85-2C22-4D0E-8206-A81C8F647CCF}"
EndProject
Project("{9A19103F-16F7-4668-BE54-9A1E7A4F7556}") = "VtuberBot.VideoDownloader", "VtuberBot.VideoDownloader\VtuberBot.VideoDownloader.csproj", "{8800E1D8-40BB-4868-ACB2-62FB16DA5BFE}"
EndProject
Project("{9A19103F-16F7-4668-BE54-9A1E7A4F7556}") = "VtuberBot.ReplaySpider", "VtuberBot.ReplaySpider\VtuberBot.ReplaySpider.csproj", "{B4BD4A28-68AD-49D5-A205-3A7CACA50DAA}"
EndProject
Global
	GlobalSection(SolutionConfigurationPlatforms) = preSolution
		Debug|Any CPU = Debug|Any CPU
		Release|Any CPU = Release|Any CPU
	EndGlobalSection
	GlobalSection(ProjectConfigurationPlatforms) = postSolution
		{186DEA13-D146-4281-9865-C48B3A309280}.Debug|Any CPU.ActiveCfg = Debug|Any CPU
		{186DEA13-D146-4281-9865-C48B3A309280}.Debug|Any CPU.Build.0 = Debug|Any CPU
		{186DEA13-D146-4281-9865-C48B3A309280}.Release|Any CPU.ActiveCfg = Release|Any CPU
		{186DEA13-D146-4281-9865-C48B3A309280}.Release|Any CPU.Build.0 = Release|Any CPU
		{5E621CA6-5586-443B-86C5-F90B71F334D3}.Debug|Any CPU.ActiveCfg = Debug|Any CPU
		{5E621CA6-5586-443B-86C5-F90B71F334D3}.Debug|Any CPU.Build.0 = Debug|Any CPU
		{5E621CA6-5586-443B-86C5-F90B71F334D3}.Release|Any CPU.ActiveCfg = Release|Any CPU
		{5E621CA6-5586-443B-86C5-F90B71F334D3}.Release|Any CPU.Build.0 = Release|Any CPU
		{29D4EE85-2C22-4D0E-8206-A81C8F647CCF}.Debug|Any CPU.ActiveCfg = Debug|Any CPU
		{29D4EE85-2C22-4D0E-8206-A81C8F647CCF}.Debug|Any CPU.Build.0 = Debug|Any CPU
		{29D4EE85-2C22-4D0E-8206-A81C8F647CCF}.Release|Any CPU.ActiveCfg = Release|Any CPU
		{29D4EE85-2C22-4D0E-8206-A81C8F647CCF}.Release|Any CPU.Build.0 = Release|Any CPU
		{8800E1D8-40BB-4868-ACB2-62FB16DA5BFE}.Debug|Any CPU.ActiveCfg = Debug|Any CPU
		{8800E1D8-40BB-4868-ACB2-62FB16DA5BFE}.Debug|Any CPU.Build.0 = Debug|Any CPU
		{8800E1D8-40BB-4868-ACB2-62FB16DA5BFE}.Release|Any CPU.ActiveCfg = Release|Any CPU
		{8800E1D8-40BB-4868-ACB2-62FB16DA5BFE}.Release|Any CPU.Build.0 = Release|Any CPU
		{B4BD4A28-68AD-49D5-A205-3A7CACA50DAA}.Debug|Any CPU.ActiveCfg = Debug|Any CPU
		{B4BD4A28-68AD-49D5-A205-3A7CACA50DAA}.Debug|Any CPU.Build.0 = Debug|Any CPU
		{B4BD4A28-68AD-49D5-A205-3A7CACA50DAA}.Release|Any CPU.ActiveCfg = Release|Any CPU
		{B4BD4A28-68AD-49D5-A205-3A7CACA50DAA}.Release|Any CPU.Build.0 = Release|Any CPU
	EndGlobalSection
	GlobalSection(SolutionProperties) = preSolution
		HideSolutionNode = FALSE
	EndGlobalSection
	GlobalSection(ExtensibilityGlobals) = postSolution
		SolutionGuid = {CC9D217D-9C26-4967-A516-0C48EDEF27B7}
	EndGlobalSection
EndGlobal
